// !$*UTF8*$!
{
	archiveVersion = 1;
	classes = {
	};
	objectVersion = 50;
	objects = {

/* Begin PBXBuildFile section */
		1A24E3502448F6C8009BFDE5 /* RingView.swift in Sources */ = {isa = PBXBuildFile; fileRef = 1A24E34F2448F6C8009BFDE5 /* RingView.swift */; };
		1A76BB392440DE0B004535D8 /* Home.swift in Sources */ = {isa = PBXBuildFile; fileRef = 1A76BB382440DE0B004535D8 /* Home.swift */; };
		1A76BB7D2444701E004535D8 /* HomeView.swift in Sources */ = {isa = PBXBuildFile; fileRef = 1A76BB7C2444701E004535D8 /* HomeView.swift */; };
		1A76BB7F24447B23004535D8 /* Section.swift in Sources */ = {isa = PBXBuildFile; fileRef = 1A76BB7E24447B23004535D8 /* Section.swift */; };
		1A76BB8124460137004535D8 /* AvatarView.swift in Sources */ = {isa = PBXBuildFile; fileRef = 1A76BB8024460137004535D8 /* AvatarView.swift */; };
		1A76BB832446026E004535D8 /* UpdatesList.swift in Sources */ = {isa = PBXBuildFile; fileRef = 1A76BB822446026E004535D8 /* UpdatesList.swift */; };
		1A76BB86244603FF004535D8 /* Update.swift in Sources */ = {isa = PBXBuildFile; fileRef = 1A76BB85244603FF004535D8 /* Update.swift */; };
		1A76BB8824464BB4004535D8 /* UpdateDetail.swift in Sources */ = {isa = PBXBuildFile; fileRef = 1A76BB8724464BB4004535D8 /* UpdateDetail.swift */; };
		1A76BB8C24479A8F004535D8 /* UpdateStore.swift in Sources */ = {isa = PBXBuildFile; fileRef = 1A76BB8B24479A8F004535D8 /* UpdateStore.swift */; };
		1A76BB8E2447A326004535D8 /* TabBar.swift in Sources */ = {isa = PBXBuildFile; fileRef = 1A76BB8D2447A326004535D8 /* TabBar.swift */; };
		1A9B28AD242151B500DEC06F /* AppDelegate.swift in Sources */ = {isa = PBXBuildFile; fileRef = 1A9B28AC242151B500DEC06F /* AppDelegate.swift */; };
		1A9B28AF242151B500DEC06F /* SceneDelegate.swift in Sources */ = {isa = PBXBuildFile; fileRef = 1A9B28AE242151B500DEC06F /* SceneDelegate.swift */; };
		1A9B28B1242151B500DEC06F /* ContentView.swift in Sources */ = {isa = PBXBuildFile; fileRef = 1A9B28B0242151B500DEC06F /* ContentView.swift */; };
		1A9B28B3242151B600DEC06F /* Assets.xcassets in Resources */ = {isa = PBXBuildFile; fileRef = 1A9B28B2242151B600DEC06F /* Assets.xcassets */; };
		1A9B28B6242151B600DEC06F /* Preview Assets.xcassets in Resources */ = {isa = PBXBuildFile; fileRef = 1A9B28B5242151B600DEC06F /* Preview Assets.xcassets */; };
		1A9B28B9242151B600DEC06F /* LaunchScreen.storyboard in Resources */ = {isa = PBXBuildFile; fileRef = 1A9B28B7242151B600DEC06F /* LaunchScreen.storyboard */; };
		1AB092C1243FD7060026AF9D /* MenuView.swift in Sources */ = {isa = PBXBuildFile; fileRef = 1AB092C0243FD7060026AF9D /* MenuView.swift */; };
/* End PBXBuildFile section */

/* Begin PBXFileReference section */
		1A24E34F2448F6C8009BFDE5 /* RingView.swift */ = {isa = PBXFileReference; lastKnownFileType = sourcecode.swift; path = RingView.swift; sourceTree = "<group>"; };
		1A76BB382440DE0B004535D8 /* Home.swift */ = {isa = PBXFileReference; lastKnownFileType = sourcecode.swift; path = Home.swift; sourceTree = "<group>"; };
		1A76BB7C2444701E004535D8 /* HomeView.swift */ = {isa = PBXFileReference; lastKnownFileType = sourcecode.swift; path = HomeView.swift; sourceTree = "<group>"; };
		1A76BB7E24447B23004535D8 /* Section.swift */ = {isa = PBXFileReference; lastKnownFileType = sourcecode.swift; path = Section.swift; sourceTree = "<group>"; };
		1A76BB8024460137004535D8 /* AvatarView.swift */ = {isa = PBXFileReference; lastKnownFileType = sourcecode.swift; path = AvatarView.swift; sourceTree = "<group>"; };
		1A76BB822446026E004535D8 /* UpdatesList.swift */ = {isa = PBXFileReference; lastKnownFileType = sourcecode.swift; path = UpdatesList.swift; sourceTree = "<group>"; };
		1A76BB85244603FF004535D8 /* Update.swift */ = {isa = PBXFileReference; lastKnownFileType = sourcecode.swift; path = Update.swift; sourceTree = "<group>"; };
		1A76BB8724464BB4004535D8 /* UpdateDetail.swift */ = {isa = PBXFileReference; lastKnownFileType = sourcecode.swift; path = UpdateDetail.swift; sourceTree = "<group>"; };
		1A76BB8B24479A8F004535D8 /* UpdateStore.swift */ = {isa = PBXFileReference; lastKnownFileType = sourcecode.swift; path = UpdateStore.swift; sourceTree = "<group>"; };
		1A76BB8D2447A326004535D8 /* TabBar.swift */ = {isa = PBXFileReference; lastKnownFileType = sourcecode.swift; path = TabBar.swift; sourceTree = "<group>"; };
		1A9B28A9242151B500DEC06F /* ReadMore.app */ = {isa = PBXFileReference; explicitFileType = wrapper.application; includeInIndex = 0; path = ReadMore.app; sourceTree = BUILT_PRODUCTS_DIR; };
		1A9B28AC242151B500DEC06F /* AppDelegate.swift */ = {isa = PBXFileReference; lastKnownFileType = sourcecode.swift; path = AppDelegate.swift; sourceTree = "<group>"; };
		1A9B28AE242151B500DEC06F /* SceneDelegate.swift */ = {isa = PBXFileReference; lastKnownFileType = sourcecode.swift; path = SceneDelegate.swift; sourceTree = "<group>"; };
		1A9B28B0242151B500DEC06F /* ContentView.swift */ = {isa = PBXFileReference; lastKnownFileType = sourcecode.swift; path = ContentView.swift; sourceTree = "<group>"; };
		1A9B28B2242151B600DEC06F /* Assets.xcassets */ = {isa = PBXFileReference; lastKnownFileType = folder.assetcatalog; path = Assets.xcassets; sourceTree = "<group>"; };
		1A9B28B5242151B600DEC06F /* Preview Assets.xcassets */ = {isa = PBXFileReference; lastKnownFileType = folder.assetcatalog; path = "Preview Assets.xcassets"; sourceTree = "<group>"; };
		1A9B28B8242151B600DEC06F /* Base */ = {isa = PBXFileReference; lastKnownFileType = file.storyboard; name = Base; path = Base.lproj/LaunchScreen.storyboard; sourceTree = "<group>"; };
		1A9B28BA242151B600DEC06F /* Info.plist */ = {isa = PBXFileReference; lastKnownFileType = text.plist.xml; path = Info.plist; sourceTree = "<group>"; };
		1AB092C0243FD7060026AF9D /* MenuView.swift */ = {isa = PBXFileReference; lastKnownFileType = sourcecode.swift; path = MenuView.swift; sourceTree = "<group>"; };
/* End PBXFileReference section */

/* Begin PBXFrameworksBuildPhase section */
		1A9B28A6242151B500DEC06F /* Frameworks */ = {
			isa = PBXFrameworksBuildPhase;
			buildActionMask = 2147483647;
			files = (
			);
			runOnlyForDeploymentPostprocessing = 0;
		};
/* End PBXFrameworksBuildPhase section */

/* Begin PBXGroup section */
		1A76BB84244603EC004535D8 /* Models */ = {
			isa = PBXGroup;
			children = (
				1A76BB7E24447B23004535D8 /* Section.swift */,
				1A76BB85244603FF004535D8 /* Update.swift */,
			);
			path = Models;
			sourceTree = "<group>";
		};
		1A9B28A0242151B500DEC06F = {
			isa = PBXGroup;
			children = (
				1A9B28AB242151B500DEC06F /* ReadMore */,
				1A9B28AA242151B500DEC06F /* Products */,
			);
			sourceTree = "<group>";
		};
		1A9B28AA242151B500DEC06F /* Products */ = {
			isa = PBXGroup;
			children = (
				1A9B28A9242151B500DEC06F /* ReadMore.app */,
			);
			name = Products;
			sourceTree = "<group>";
		};
		1A9B28AB242151B500DEC06F /* ReadMore */ = {
			isa = PBXGroup;
			children = (
				1A76BB84244603EC004535D8 /* Models */,
				1A9B28AC242151B500DEC06F /* AppDelegate.swift */,
				1A9B28AE242151B500DEC06F /* SceneDelegate.swift */,
				1A9B28B0242151B500DEC06F /* ContentView.swift */,
				1A76BB382440DE0B004535D8 /* Home.swift */,
				1A76BB7C2444701E004535D8 /* HomeView.swift */,
				1AB092C0243FD7060026AF9D /* MenuView.swift */,
				1A76BB8024460137004535D8 /* AvatarView.swift */,
				1A76BB822446026E004535D8 /* UpdatesList.swift */,
				1A76BB8724464BB4004535D8 /* UpdateDetail.swift */,
				1A76BB8B24479A8F004535D8 /* UpdateStore.swift */,
				1A76BB8D2447A326004535D8 /* TabBar.swift */,
				1A24E34F2448F6C8009BFDE5 /* RingView.swift */,
				1A9B28B2242151B600DEC06F /* Assets.xcassets */,
				1A9B28B7242151B600DEC06F /* LaunchScreen.storyboard */,
				1A9B28BA242151B600DEC06F /* Info.plist */,
				1A9B28B4242151B600DEC06F /* Preview Content */,
			);
			path = ReadMore;
			sourceTree = "<group>";
		};
		1A9B28B4242151B600DEC06F /* Preview Content */ = {
			isa = PBXGroup;
			children = (
				1A9B28B5242151B600DEC06F /* Preview Assets.xcassets */,
			);
			path = "Preview Content";
			sourceTree = "<group>";
		};
/* End PBXGroup section */

/* Begin PBXNativeTarget section */
		1A9B28A8242151B500DEC06F /* ReadMore */ = {
			isa = PBXNativeTarget;
			buildConfigurationList = 1A9B28BD242151B600DEC06F /* Build configuration list for PBXNativeTarget "ReadMore" */;
			buildPhases = (
				1A9B28A5242151B500DEC06F /* Sources */,
				1A9B28A6242151B500DEC06F /* Frameworks */,
				1A9B28A7242151B500DEC06F /* Resources */,
			);
			buildRules = (
			);
			dependencies = (
			);
			name = ReadMore;
			productName = ReadMore;
			productReference = 1A9B28A9242151B500DEC06F /* ReadMore.app */;
			productType = "com.apple.product-type.application";
		};
/* End PBXNativeTarget section */

/* Begin PBXProject section */
		1A9B28A1242151B500DEC06F /* Project object */ = {
			isa = PBXProject;
			attributes = {
				LastSwiftUpdateCheck = 1130;
				LastUpgradeCheck = 1130;
				ORGANIZATIONNAME = "Mohammed Abdullatif";
				TargetAttributes = {
					1A9B28A8242151B500DEC06F = {
						CreatedOnToolsVersion = 11.3.1;
					};
				};
			};
			buildConfigurationList = 1A9B28A4242151B500DEC06F /* Build configuration list for PBXProject "ReadMore" */;
			compatibilityVersion = "Xcode 9.3";
			developmentRegion = en;
			hasScannedForEncodings = 0;
			knownRegions = (
				en,
				Base,
			);
			mainGroup = 1A9B28A0242151B500DEC06F;
			productRefGroup = 1A9B28AA242151B500DEC06F /* Products */;
			projectDirPath = "";
			projectRoot = "";
			targets = (
				1A9B28A8242151B500DEC06F /* ReadMore */,
			);
		};
/* End PBXProject section */

/* Begin PBXResourcesBuildPhase section */
		1A9B28A7242151B500DEC06F /* Resources */ = {
			isa = PBXResourcesBuildPhase;
			buildActionMask = 2147483647;
			files = (
				1A9B28B9242151B600DEC06F /* LaunchScreen.storyboard in Resources */,
				1A9B28B6242151B600DEC06F /* Preview Assets.xcassets in Resources */,
				1A9B28B3242151B600DEC06F /* Assets.xcassets in Resources */,
			);
			runOnlyForDeploymentPostprocessing = 0;
		};
/* End PBXResourcesBuildPhase section */

/* Begin PBXSourcesBuildPhase section */
		1A9B28A5242151B500DEC06F /* Sources */ = {
			isa = PBXSourcesBuildPhase;
			buildActionMask = 2147483647;
			files = (
				1A9B28AD242151B500DEC06F /* AppDelegate.swift in Sources */,
				1AB092C1243FD7060026AF9D /* MenuView.swift in Sources */,
				1A76BB86244603FF004535D8 /* Update.swift in Sources */,
				1A76BB832446026E004535D8 /* UpdatesList.swift in Sources */,
				1A24E3502448F6C8009BFDE5 /* RingView.swift in Sources */,
				1A76BB8C24479A8F004535D8 /* UpdateStore.swift in Sources */,
				1A76BB392440DE0B004535D8 /* Home.swift in Sources */,
				1A76BB8824464BB4004535D8 /* UpdateDetail.swift in Sources */,
				1A76BB7F24447B23004535D8 /* Section.swift in Sources */,
				1A76BB7D2444701E004535D8 /* HomeView.swift in Sources */,
				1A76BB8E2447A326004535D8 /* TabBar.swift in Sources */,
				1A76BB8124460137004535D8 /* AvatarView.swift in Sources */,
				1A9B28AF242151B500DEC06F /* SceneDelegate.swift in Sources */,
				1A9B28B1242151B500DEC06F /* ContentView.swift in Sources */,
			);
			runOnlyForDeploymentPostprocessing = 0;
		};
/* End PBXSourcesBuildPhase section */

/* Begin PBXVariantGroup section */
		1A9B28B7242151B600DEC06F /* LaunchScreen.storyboard */ = {
			isa = PBXVariantGroup;
			children = (
				1A9B28B8242151B600DEC06F /* Base */,
			);
			name = LaunchScreen.storyboard;
			sourceTree = "<group>";
		};
/* End PBXVariantGroup section */

/* Begin XCBuildConfiguration section */
		1A9B28BB242151B600DEC06F /* Debug */ = {
			isa = XCBuildConfiguration;
			buildSettings = {
				ALWAYS_SEARCH_USER_PATHS = NO;
				CLANG_ANALYZER_NONNULL = YES;
				CLANG_ANALYZER_NUMBER_OBJECT_CONVERSION = YES_AGGRESSIVE;
				CLANG_CXX_LANGUAGE_STANDARD = "gnu++14";
				CLANG_CXX_LIBRARY = "libc++";
				CLANG_ENABLE_MODULES = YES;
				CLANG_ENABLE_OBJC_ARC = YES;
				CLANG_ENABLE_OBJC_WEAK = YES;
				CLANG_WARN_BLOCK_CAPTURE_AUTORELEASING = YES;
				CLANG_WARN_BOOL_CONVERSION = YES;
				CLANG_WARN_COMMA = YES;
				CLANG_WARN_CONSTANT_CONVERSION = YES;
				CLANG_WARN_DEPRECATED_OBJC_IMPLEMENTATIONS = YES;
				CLANG_WARN_DIRECT_OBJC_ISA_USAGE = YES_ERROR;
				CLANG_WARN_DOCUMENTATION_COMMENTS = YES;
				CLANG_WARN_EMPTY_BODY = YES;
				CLANG_WARN_ENUM_CONVERSION = YES;
				CLANG_WARN_INFINITE_RECURSION = YES;
				CLANG_WARN_INT_CONVERSION = YES;
				CLANG_WARN_NON_LITERAL_NULL_CONVERSION = YES;
				CLANG_WARN_OBJC_IMPLICIT_RETAIN_SELF = YES;
				CLANG_WARN_OBJC_LITERAL_CONVERSION = YES;
				CLANG_WARN_OBJC_ROOT_CLASS = YES_ERROR;
				CLANG_WARN_RANGE_LOOP_ANALYSIS = YES;
				CLANG_WARN_STRICT_PROTOTYPES = YES;
				CLANG_WARN_SUSPICIOUS_MOVE = YES;
				CLANG_WARN_UNGUARDED_AVAILABILITY = YES_AGGRESSIVE;
				CLANG_WARN_UNREACHABLE_CODE = YES;
				CLANG_WARN__DUPLICATE_METHOD_MATCH = YES;
				COPY_PHASE_STRIP = NO;
				DEBUG_INFORMATION_FORMAT = dwarf;
				ENABLE_STRICT_OBJC_MSGSEND = YES;
				ENABLE_TESTABILITY = YES;
				GCC_C_LANGUAGE_STANDARD = gnu11;
				GCC_DYNAMIC_NO_PIC = NO;
				GCC_NO_COMMON_BLOCKS = YES;
				GCC_OPTIMIZATION_LEVEL = 0;
				GCC_PREPROCESSOR_DEFINITIONS = (
					"DEBUG=1",
					"$(inherited)",
				);
				GCC_WARN_64_TO_32_BIT_CONVERSION = YES;
				GCC_WARN_ABOUT_RETURN_TYPE = YES_ERROR;
				GCC_WARN_UNDECLARED_SELECTOR = YES;
				GCC_WARN_UNINITIALIZED_AUTOS = YES_AGGRESSIVE;
				GCC_WARN_UNUSED_FUNCTION = YES;
				GCC_WARN_UNUSED_VARIABLE = YES;
				IPHONEOS_DEPLOYMENT_TARGET = 13.2;
				MTL_ENABLE_DEBUG_INFO = INCLUDE_SOURCE;
				MTL_FAST_MATH = YES;
				ONLY_ACTIVE_ARCH = YES;
				SDKROOT = iphoneos;
				SWIFT_ACTIVE_COMPILATION_CONDITIONS = DEBUG;
				SWIFT_OPTIMIZATION_LEVEL = "-Onone";
			};
			name = Debug;
		};
		1A9B28BC242151B600DEC06F /* Release */ = {
			isa = XCBuildConfiguration;
			buildSettings = {
				ALWAYS_SEARCH_USER_PATHS = NO;
				CLANG_ANALYZER_NONNULL = YES;
				CLANG_ANALYZER_NUMBER_OBJECT_CONVERSION = YES_AGGRESSIVE;
				CLANG_CXX_LANGUAGE_STANDARD = "gnu++14";
				CLANG_CXX_LIBRARY = "libc++";
				CLANG_ENABLE_MODULES = YES;
				CLANG_ENABLE_OBJC_ARC = YES;
				CLANG_ENABLE_OBJC_WEAK = YES;
				CLANG_WARN_BLOCK_CAPTURE_AUTORELEASING = YES;
				CLANG_WARN_BOOL_CONVERSION = YES;
				CLANG_WARN_COMMA = YES;
				CLANG_WARN_CONSTANT_CONVERSION = YES;
				CLANG_WARN_DEPRECATED_OBJC_IMPLEMENTATIONS = YES;
				CLANG_WARN_DIRECT_OBJC_ISA_USAGE = YES_ERROR;
				CLANG_WARN_DOCUMENTATION_COMMENTS = YES;
				CLANG_WARN_EMPTY_BODY = YES;
				CLANG_WARN_ENUM_CONVERSION = YES;
				CLANG_WARN_INFINITE_RECURSION = YES;
				CLANG_WARN_INT_CONVERSION = YES;
				CLANG_WARN_NON_LITERAL_NULL_CONVERSION = YES;
				CLANG_WARN_OBJC_IMPLICIT_RETAIN_SELF = YES;
				CLANG_WARN_OBJC_LITERAL_CONVERSION = YES;
				CLANG_WARN_OBJC_ROOT_CLASS = YES_ERROR;
				CLANG_WARN_RANGE_LOOP_ANALYSIS = YES;
				CLANG_WARN_STRICT_PROTOTYPES = YES;
				CLANG_WARN_SUSPICIOUS_MOVE = YES;
				CLANG_WARN_UNGUARDED_AVAILABILITY = YES_AGGRESSIVE;
				CLANG_WARN_UNREACHABLE_CODE = YES;
				CLANG_WARN__DUPLICATE_METHOD_MATCH = YES;
				COPY_PHASE_STRIP = NO;
				DEBUG_INFORMATION_FORMAT = "dwarf-with-dsym";
				ENABLE_NS_ASSERTIONS = NO;
				ENABLE_STRICT_OBJC_MSGSEND = YES;
				GCC_C_LANGUAGE_STANDARD = gnu11;
				GCC_NO_COMMON_BLOCKS = YES;
				GCC_WARN_64_TO_32_BIT_CONVERSION = YES;
				GCC_WARN_ABOUT_RETURN_TYPE = YES_ERROR;
				GCC_WARN_UNDECLARED_SELECTOR = YES;
				GCC_WARN_UNINITIALIZED_AUTOS = YES_AGGRESSIVE;
				GCC_WARN_UNUSED_FUNCTION = YES;
				GCC_WARN_UNUSED_VARIABLE = YES;
				IPHONEOS_DEPLOYMENT_TARGET = 13.2;
				MTL_ENABLE_DEBUG_INFO = NO;
				MTL_FAST_MATH = YES;
				SDKROOT = iphoneos;
				SWIFT_COMPILATION_MODE = wholemodule;
				SWIFT_OPTIMIZATION_LEVEL = "-O";
				VALIDATE_PRODUCT = YES;
			};
			name = Release;
		};
		1A9B28BE242151B600DEC06F /* Debug */ = {
			isa = XCBuildConfiguration;
			buildSettings = {
				ASSETCATALOG_COMPILER_APPICON_NAME = AppIcon;
				CODE_SIGN_STYLE = Automatic;
				DEVELOPMENT_ASSET_PATHS = "\"ReadMore/Preview Content\"";
				DEVELOPMENT_TEAM = D4PYS3C5UJ;
				ENABLE_PREVIEWS = YES;
				INFOPLIST_FILE = ReadMore/Info.plist;
				LD_RUNPATH_SEARCH_PATHS = (
					"$(inherited)",
					"@executable_path/Frameworks",
				);
				PRODUCT_BUNDLE_IDENTIFIER = com.personal.ReadMore;
				PRODUCT_NAME = "$(TARGET_NAME)";
				SWIFT_VERSION = 5.0;
				TARGETED_DEVICE_FAMILY = "1,2";
			};
			name = Debug;
		};
		1A9B28BF242151B600DEC06F /* Release */ = {
			isa = XCBuildConfiguration;
			buildSettings = {
				ASSETCATALOG_COMPILER_APPICON_NAME = AppIcon;
				CODE_SIGN_STYLE = Automatic;
				DEVELOPMENT_ASSET_PATHS = "\"ReadMore/Preview Content\"";
				DEVELOPMENT_TEAM = D4PYS3C5UJ;
				ENABLE_PREVIEWS = YES;
				INFOPLIST_FILE = ReadMore/Info.plist;
				LD_RUNPATH_SEARCH_PATHS = (
					"$(inherited)",
					"@executable_path/Frameworks",
				);
				PRODUCT_BUNDLE_IDENTIFIER = com.personal.ReadMore;
				PRODUCT_NAME = "$(TARGET_NAME)";
				SWIFT_VERSION = 5.0;
				TARGETED_DEVICE_FAMILY = "1,2";
			};
			name = Release;
		};
/* End XCBuildConfiguration section */

/* Begin XCConfigurationList section */
		1A9B28A4242151B500DEC06F /* Build configuration list for PBXProject "ReadMore" */ = {
			isa = XCConfigurationList;
			buildConfigurations = (
				1A9B28BB242151B600DEC06F /* Debug */,
				1A9B28BC242151B600DEC06F /* Release */,
			);
			defaultConfigurationIsVisible = 0;
			defaultConfigurationName = Release;
		};
		1A9B28BD242151B600DEC06F /* Build configuration list for PBXNativeTarget "ReadMore" */ = {
			isa = XCConfigurationList;
			buildConfigurations = (
				1A9B28BE242151B600DEC06F /* Debug */,
				1A9B28BF242151B600DEC06F /* Release */,
			);
			defaultConfigurationIsVisible = 0;
			defaultConfigurationName = Release;
		};
/* End XCConfigurationList section */
	};
	rootObject = 1A9B28A1242151B500DEC06F /* Project object */;
}
